
Microsoft Visual Studio Solution File, Format Version 12.00
# Visual Studio Version 17
VisualStudioVersion = 17.5.33516.290
MinimumVisualStudioVersion = 10.0.40219.1
Project("{FAE04EC0-301F-11D3-BF4B-00C04F79EFBC}") = "LibExample", "LibExample.csproj", "{962214F0-95C2-4F34-866C-A1ABFC235DB6}"
EndProject
Project("{FAE04EC0-301F-11D3-BF4B-00C04F79EFBC}") = "FileManipLib", "..\FileManipLib\FileManipLib.csproj", "{699EBFC3-5303-4459-BCC2-966ACF062600}"
EndProject
Project("{FAE04EC0-301F-11D3-BF4B-00C04F79EFBC}") = "ControlsLib", "..\ControlsLib\ControlsLib.csproj", "{B317ACCA-67D9-47EF-93CB-42F0C87B4C78}"
EndProject
Global
	GlobalSection(SolutionConfigurationPlatforms) = preSolution
		Debug|Any CPU = Debug|Any CPU
		Release|Any CPU = Release|Any CPU
	EndGlobalSection
	GlobalSection(ProjectConfigurationPlatforms) = postSolution
		{962214F0-95C2-4F34-866C-A1ABFC235DB6}.Debug|Any CPU.ActiveCfg = Debug|Any CPU
		{962214F0-95C2-4F34-866C-A1ABFC235DB6}.Debug|Any CPU.Build.0 = Debug|Any CPU
		{962214F0-95C2-4F34-866C-A1ABFC235DB6}.Release|Any CPU.ActiveCfg = Release|Any CPU
		{962214F0-95C2-4F34-866C-A1ABFC235DB6}.Release|Any CPU.Build.0 = Release|Any CPU
		{699EBFC3-5303-4459-BCC2-966ACF062600}.Debug|Any CPU.ActiveCfg = Debug|Any CPU
		{699EBFC3-5303-4459-BCC2-966ACF062600}.Debug|Any CPU.Build.0 = Debug|Any CPU
		{699EBFC3-5303-4459-BCC2-966ACF062600}.Release|Any CPU.ActiveCfg = Release|Any CPU
		{699EBFC3-5303-4459-BCC2-966ACF062600}.Release|Any CPU.Build.0 = Release|Any CPU
		{B317ACCA-67D9-47EF-93CB-42F0C87B4C78}.Debug|Any CPU.ActiveCfg = Debug|Any CPU
		{B317ACCA-67D9-47EF-93CB-42F0C87B4C78}.Debug|Any CPU.Build.0 = Debug|Any CPU
		{B317ACCA-67D9-47EF-93CB-42F0C87B4C78}.Release|Any CPU.ActiveCfg = Release|Any CPU
		{B317ACCA-67D9-47EF-93CB-42F0C87B4C78}.Release|Any CPU.Build.0 = Release|Any CPU
	EndGlobalSection
	GlobalSection(SolutionProperties) = preSolution
		HideSolutionNode = FALSE
	EndGlobalSection
	GlobalSection(ExtensibilityGlobals) = postSolution
		SolutionGuid = {66BD799A-DDCD-4BD6-BB31-4B02E51D821E}
	EndGlobalSection
EndGlobal
